
Microsoft Visual Studio Solution File, Format Version 12.00
# Visual Studio Version 16
VisualStudioVersion = 16.0.29911.84
MinimumVisualStudioVersion = 10.0.40219.1
Project("{FAE04EC0-301F-11D3-BF4B-00C04F79EFBC}") = "SalesWebMvc", "SalesWebMvc\SalesWebMvc.csproj", "{61102A42-89C8-4DB2-9797-6D7A5D1DEB2C}"
EndProject
Global
	GlobalSection(SolutionConfigurationPlatforms) = preSolution
		Debug|Any CPU = Debug|Any CPU
		Release|Any CPU = Release|Any CPU
	EndGlobalSection
	GlobalSection(ProjectConfigurationPlatforms) = postSolution
		{61102A42-89C8-4DB2-9797-6D7A5D1DEB2C}.Debug|Any CPU.ActiveCfg = Debug|Any CPU
		{61102A42-89C8-4DB2-9797-6D7A5D1DEB2C}.Debug|Any CPU.Build.0 = Debug|Any CPU
		{61102A42-89C8-4DB2-9797-6D7A5D1DEB2C}.Release|Any CPU.ActiveCfg = Release|Any CPU
		{61102A42-89C8-4DB2-9797-6D7A5D1DEB2C}.Release|Any CPU.Build.0 = Release|Any CPU
	EndGlobalSection
	GlobalSection(SolutionProperties) = preSolution
		HideSolutionNode = FALSE
	EndGlobalSection
	GlobalSection(ExtensibilityGlobals) = postSolution
		SolutionGuid = {8D00459F-8752-4529-A152-181A802A1C40}
	EndGlobalSection
EndGlobal
